// !$*UTF8*$!
{
	archiveVersion = 1;
	classes = {
	};
	objectVersion = 55;
	objects = {

/* Begin PBXBuildFile section */
		176607BC2816E6FD00305F41 /* Item.swift in Sources */ = {isa = PBXBuildFile; fileRef = 176607BB2816E6FD00305F41 /* Item.swift */; };
		17833DD928167AF200E4CD42 /* AppDelegate.swift in Sources */ = {isa = PBXBuildFile; fileRef = 17833DD828167AF200E4CD42 /* AppDelegate.swift */; };
		17833DDB28167AF200E4CD42 /* SceneDelegate.swift in Sources */ = {isa = PBXBuildFile; fileRef = 17833DDA28167AF200E4CD42 /* SceneDelegate.swift */; };
		17833DDD28167AF200E4CD42 /* TodoListViewController.swift in Sources */ = {isa = PBXBuildFile; fileRef = 17833DDC28167AF200E4CD42 /* TodoListViewController.swift */; };
		17833DE028167AF200E4CD42 /* Main.storyboard in Resources */ = {isa = PBXBuildFile; fileRef = 17833DDE28167AF200E4CD42 /* Main.storyboard */; };
		17833DE228167AF500E4CD42 /* Assets.xcassets in Resources */ = {isa = PBXBuildFile; fileRef = 17833DE128167AF500E4CD42 /* Assets.xcassets */; };
		17833DE528167AF500E4CD42 /* LaunchScreen.storyboard in Resources */ = {isa = PBXBuildFile; fileRef = 17833DE328167AF500E4CD42 /* LaunchScreen.storyboard */; };
/* End PBXBuildFile section */

/* Begin PBXFileReference section */
		176607BB2816E6FD00305F41 /* Item.swift */ = {isa = PBXFileReference; lastKnownFileType = sourcecode.swift; path = Item.swift; sourceTree = "<group>"; };
		17833DD528167AF200E4CD42 /* Todoey-iOS13-Part-1.app */ = {isa = PBXFileReference; explicitFileType = wrapper.application; includeInIndex = 0; path = "Todoey-iOS13-Part-1.app"; sourceTree = BUILT_PRODUCTS_DIR; };
		17833DD828167AF200E4CD42 /* AppDelegate.swift */ = {isa = PBXFileReference; lastKnownFileType = sourcecode.swift; path = AppDelegate.swift; sourceTree = "<group>"; };
		17833DDA28167AF200E4CD42 /* SceneDelegate.swift */ = {isa = PBXFileReference; lastKnownFileType = sourcecode.swift; path = SceneDelegate.swift; sourceTree = "<group>"; };
		17833DDC28167AF200E4CD42 /* TodoListViewController.swift */ = {isa = PBXFileReference; lastKnownFileType = sourcecode.swift; path = TodoListViewController.swift; sourceTree = "<group>"; };
		17833DDF28167AF200E4CD42 /* Base */ = {isa = PBXFileReference; lastKnownFileType = file.storyboard; name = Base; path = Base.lproj/Main.storyboard; sourceTree = "<group>"; };
		17833DE128167AF500E4CD42 /* Assets.xcassets */ = {isa = PBXFileReference; lastKnownFileType = folder.assetcatalog; path = Assets.xcassets; sourceTree = "<group>"; };
		17833DE428167AF500E4CD42 /* Base */ = {isa = PBXFileReference; lastKnownFileType = file.storyboard; name = Base; path = Base.lproj/LaunchScreen.storyboard; sourceTree = "<group>"; };
		17833DE628167AF500E4CD42 /* Info.plist */ = {isa = PBXFileReference; lastKnownFileType = text.plist.xml; path = Info.plist; sourceTree = "<group>"; };
/* End PBXFileReference section */

/* Begin PBXFrameworksBuildPhase section */
		17833DD228167AF200E4CD42 /* Frameworks */ = {
			isa = PBXFrameworksBuildPhase;
			buildActionMask = 2147483647;
			files = (
			);
			runOnlyForDeploymentPostprocessing = 0;
		};
/* End PBXFrameworksBuildPhase section */

/* Begin PBXGroup section */
		176607BD2817DB9100305F41 /* Controllers */ = {
			isa = PBXGroup;
			children = (
				17833DDC28167AF200E4CD42 /* TodoListViewController.swift */,
			);
			path = Controllers;
			sourceTree = "<group>";
		};
		176607BE2817DB9E00305F41 /* Data Model */ = {
			isa = PBXGroup;
			children = (
				176607BB2816E6FD00305F41 /* Item.swift */,
			);
			path = "Data Model";
			sourceTree = "<group>";
		};
		176607BF2817DBAD00305F41 /* Views */ = {
			isa = PBXGroup;
			children = (
				17833DDE28167AF200E4CD42 /* Main.storyboard */,
			);
			path = Views;
			sourceTree = "<group>";
		};
		176607C02817DBB800305F41 /* Supporting Files */ = {
			isa = PBXGroup;
			children = (
				17833DE128167AF500E4CD42 /* Assets.xcassets */,
				17833DE328167AF500E4CD42 /* LaunchScreen.storyboard */,
			);
			path = "Supporting Files";
			sourceTree = "<group>";
		};
		17833DCC28167AF200E4CD42 = {
			isa = PBXGroup;
			children = (
				17833DD728167AF200E4CD42 /* Todoey-iOS13-Part-1 */,
				17833DD628167AF200E4CD42 /* Products */,
			);
			sourceTree = "<group>";
		};
		17833DD628167AF200E4CD42 /* Products */ = {
			isa = PBXGroup;
			children = (
				17833DD528167AF200E4CD42 /* Todoey-iOS13-Part-1.app */,
			);
			name = Products;
			sourceTree = "<group>";
		};
		17833DD728167AF200E4CD42 /* Todoey-iOS13-Part-1 */ = {
			isa = PBXGroup;
			children = (
				17833DD828167AF200E4CD42 /* AppDelegate.swift */,
				17833DDA28167AF200E4CD42 /* SceneDelegate.swift */,
				176607BD2817DB9100305F41 /* Controllers */,
				176607BE2817DB9E00305F41 /* Data Model */,
				176607BF2817DBAD00305F41 /* Views */,
				176607C02817DBB800305F41 /* Supporting Files */,
				17833DE628167AF500E4CD42 /* Info.plist */,
			);
			path = "Todoey-iOS13-Part-1";
			sourceTree = "<group>";
		};
/* End PBXGroup section */

/* Begin PBXNativeTarget section */
		17833DD428167AF200E4CD42 /* Todoey-iOS13-Part-1 */ = {
			isa = PBXNativeTarget;
			buildConfigurationList = 17833DE928167AF500E4CD42 /* Build configuration list for PBXNativeTarget "Todoey-iOS13-Part-1" */;
			buildPhases = (
				17833DD128167AF200E4CD42 /* Sources */,
				17833DD228167AF200E4CD42 /* Frameworks */,
				17833DD328167AF200E4CD42 /* Resources */,
			);
			buildRules = (
			);
			dependencies = (
			);
			name = "Todoey-iOS13-Part-1";
			productName = "Todoey-iOS13-Part-1";
			productReference = 17833DD528167AF200E4CD42 /* Todoey-iOS13-Part-1.app */;
			productType = "com.apple.product-type.application";
		};
/* End PBXNativeTarget section */

/* Begin PBXProject section */
		17833DCD28167AF200E4CD42 /* Project object */ = {
			isa = PBXProject;
			attributes = {
				BuildIndependentTargetsInParallel = 1;
				LastSwiftUpdateCheck = 1330;
				LastUpgradeCheck = 1330;
				TargetAttributes = {
					17833DD428167AF200E4CD42 = {
						CreatedOnToolsVersion = 13.3.1;
					};
				};
			};
			buildConfigurationList = 17833DD028167AF200E4CD42 /* Build configuration list for PBXProject "Todoey-iOS13-Part-1" */;
			compatibilityVersion = "Xcode 13.0";
			developmentRegion = en;
			hasScannedForEncodings = 0;
			knownRegions = (
				en,
				Base,
			);
			mainGroup = 17833DCC28167AF200E4CD42;
			productRefGroup = 17833DD628167AF200E4CD42 /* Products */;
			projectDirPath = "";
			projectRoot = "";
			targets = (
				17833DD428167AF200E4CD42 /* Todoey-iOS13-Part-1 */,
			);
		};
/* End PBXProject section */

/* Begin PBXResourcesBuildPhase section */
		17833DD328167AF200E4CD42 /* Resources */ = {
			isa = PBXResourcesBuildPhase;
			buildActionMask = 2147483647;
			files = (
				17833DE528167AF500E4CD42 /* LaunchScreen.storyboard in Resources */,
				17833DE228167AF500E4CD42 /* Assets.xcassets in Resources */,
				17833DE028167AF200E4CD42 /* Main.storyboard in Resources */,
			);
			runOnlyForDeploymentPostprocessing = 0;
		};
/* End PBXResourcesBuildPhase section */

/* Begin PBXSourcesBuildPhase section */
		17833DD128167AF200E4CD42 /* Sources */ = {
			isa = PBXSourcesBuildPhase;
			buildActionMask = 2147483647;
			files = (
				176607BC2816E6FD00305F41 /* Item.swift in Sources */,
				17833DDD28167AF200E4CD42 /* TodoListViewController.swift in Sources */,
				17833DD928167AF200E4CD42 /* AppDelegate.swift in Sources */,
				17833DDB28167AF200E4CD42 /* SceneDelegate.swift in Sources */,
			);
			runOnlyForDeploymentPostprocessing = 0;
		};
/* End PBXSourcesBuildPhase section */

/* Begin PBXVariantGroup section */
		17833DDE28167AF200E4CD42 /* Main.storyboard */ = {
			isa = PBXVariantGroup;
			children = (
				17833DDF28167AF200E4CD42 /* Base */,
			);
			name = Main.storyboard;
			sourceTree = "<group>";
		};
		17833DE328167AF500E4CD42 /* LaunchScreen.storyboard */ = {
			isa = PBXVariantGroup;
			children = (
				17833DE428167AF500E4CD42 /* Base */,
			);
			name = LaunchScreen.storyboard;
			sourceTree = "<group>";
		};
/* End PBXVariantGroup section */

/* Begin XCBuildConfiguration section */
		17833DE728167AF500E4CD42 /* Debug */ = {
			isa = XCBuildConfiguration;
			buildSettings = {
				ALWAYS_SEARCH_USER_PATHS = NO;
				CLANG_ANALYZER_NONNULL = YES;
				CLANG_ANALYZER_NUMBER_OBJECT_CONVERSION = YES_AGGRESSIVE;
				CLANG_CXX_LANGUAGE_STANDARD = "gnu++17";
				CLANG_ENABLE_MODULES = YES;
				CLANG_ENABLE_OBJC_ARC = YES;
				CLANG_ENABLE_OBJC_WEAK = YES;
				CLANG_WARN_BLOCK_CAPTURE_AUTORELEASING = YES;
				CLANG_WARN_BOOL_CONVERSION = YES;
				CLANG_WARN_COMMA = YES;
				CLANG_WARN_CONSTANT_CONVERSION = YES;
				CLANG_WARN_DEPRECATED_OBJC_IMPLEMENTATIONS = YES;
				CLANG_WARN_DIRECT_OBJC_ISA_USAGE = YES_ERROR;
				CLANG_WARN_DOCUMENTATION_COMMENTS = YES;
				CLANG_WARN_EMPTY_BODY = YES;
				CLANG_WARN_ENUM_CONVERSION = YES;
				CLANG_WARN_INFINITE_RECURSION = YES;
				CLANG_WARN_INT_CONVERSION = YES;
				CLANG_WARN_NON_LITERAL_NULL_CONVERSION = YES;
				CLANG_WARN_OBJC_IMPLICIT_RETAIN_SELF = YES;
				CLANG_WARN_OBJC_LITERAL_CONVERSION = YES;
				CLANG_WARN_OBJC_ROOT_CLASS = YES_ERROR;
				CLANG_WARN_QUOTED_INCLUDE_IN_FRAMEWORK_HEADER = YES;
				CLANG_WARN_RANGE_LOOP_ANALYSIS = YES;
				CLANG_WARN_STRICT_PROTOTYPES = YES;
				CLANG_WARN_SUSPICIOUS_MOVE = YES;
				CLANG_WARN_UNGUARDED_AVAILABILITY = YES_AGGRESSIVE;
				CLANG_WARN_UNREACHABLE_CODE = YES;
				CLANG_WARN__DUPLICATE_METHOD_MATCH = YES;
				COPY_PHASE_STRIP = NO;
				DEBUG_INFORMATION_FORMAT = dwarf;
				ENABLE_STRICT_OBJC_MSGSEND = YES;
				ENABLE_TESTABILITY = YES;
				GCC_C_LANGUAGE_STANDARD = gnu11;
				GCC_DYNAMIC_NO_PIC = NO;
				GCC_NO_COMMON_BLOCKS = YES;
				GCC_OPTIMIZATION_LEVEL = 0;
				GCC_PREPROCESSOR_DEFINITIONS = (
					"DEBUG=1",
					"$(inherited)",
				);
				GCC_WARN_64_TO_32_BIT_CONVERSION = YES;
				GCC_WARN_ABOUT_RETURN_TYPE = YES_ERROR;
				GCC_WARN_UNDECLARED_SELECTOR = YES;
				GCC_WARN_UNINITIALIZED_AUTOS = YES_AGGRESSIVE;
				GCC_WARN_UNUSED_FUNCTION = YES;
				GCC_WARN_UNUSED_VARIABLE = YES;
				IPHONEOS_DEPLOYMENT_TARGET = 15.4;
				MTL_ENABLE_DEBUG_INFO = INCLUDE_SOURCE;
				MTL_FAST_MATH = YES;
				ONLY_ACTIVE_ARCH = YES;
				SDKROOT = iphoneos;
				SWIFT_ACTIVE_COMPILATION_CONDITIONS = DEBUG;
				SWIFT_OPTIMIZATION_LEVEL = "-Onone";
			};
			name = Debug;
		};
		17833DE828167AF500E4CD42 /* Release */ = {
			isa = XCBuildConfiguration;
			buildSettings = {
				ALWAYS_SEARCH_USER_PATHS = NO;
				CLANG_ANALYZER_NONNULL = YES;
				CLANG_ANALYZER_NUMBER_OBJECT_CONVERSION = YES_AGGRESSIVE;
				CLANG_CXX_LANGUAGE_STANDARD = "gnu++17";
				CLANG_ENABLE_MODULES = YES;
				CLANG_ENABLE_OBJC_ARC = YES;
				CLANG_ENABLE_OBJC_WEAK = YES;
				CLANG_WARN_BLOCK_CAPTURE_AUTORELEASING = YES;
				CLANG_WARN_BOOL_CONVERSION = YES;
				CLANG_WARN_COMMA = YES;
				CLANG_WARN_CONSTANT_CONVERSION = YES;
				CLANG_WARN_DEPRECATED_OBJC_IMPLEMENTATIONS = YES;
				CLANG_WARN_DIRECT_OBJC_ISA_USAGE = YES_ERROR;
				CLANG_WARN_DOCUMENTATION_COMMENTS = YES;
				CLANG_WARN_EMPTY_BODY = YES;
				CLANG_WARN_ENUM_CONVERSION = YES;
				CLANG_WARN_INFINITE_RECURSION = YES;
				CLANG_WARN_INT_CONVERSION = YES;
				CLANG_WARN_NON_LITERAL_NULL_CONVERSION = YES;
				CLANG_WARN_OBJC_IMPLICIT_RETAIN_SELF = YES;
				CLANG_WARN_OBJC_LITERAL_CONVERSION = YES;
				CLANG_WARN_OBJC_ROOT_CLASS = YES_ERROR;
				CLANG_WARN_QUOTED_INCLUDE_IN_FRAMEWORK_HEADER = YES;
				CLANG_WARN_RANGE_LOOP_ANALYSIS = YES;
				CLANG_WARN_STRICT_PROTOTYPES = YES;
				CLANG_WARN_SUSPICIOUS_MOVE = YES;
				CLANG_WARN_UNGUARDED_AVAILABILITY = YES_AGGRESSIVE;
				CLANG_WARN_UNREACHABLE_CODE = YES;
				CLANG_WARN__DUPLICATE_METHOD_MATCH = YES;
				COPY_PHASE_STRIP = NO;
				DEBUG_INFORMATION_FORMAT = "dwarf-with-dsym";
				ENABLE_NS_ASSERTIONS = NO;
				ENABLE_STRICT_OBJC_MSGSEND = YES;
				GCC_C_LANGUAGE_STANDARD = gnu11;
				GCC_NO_COMMON_BLOCKS = YES;
				GCC_WARN_64_TO_32_BIT_CONVERSION = YES;
				GCC_WARN_ABOUT_RETURN_TYPE = YES_ERROR;
				GCC_WARN_UNDECLARED_SELECTOR = YES;
				GCC_WARN_UNINITIALIZED_AUTOS = YES_AGGRESSIVE;
				GCC_WARN_UNUSED_FUNCTION = YES;
				GCC_WARN_UNUSED_VARIABLE = YES;
				IPHONEOS_DEPLOYMENT_TARGET = 15.4;
				MTL_ENABLE_DEBUG_INFO = NO;
				MTL_FAST_MATH = YES;
				SDKROOT = iphoneos;
				SWIFT_COMPILATION_MODE = wholemodule;
				SWIFT_OPTIMIZATION_LEVEL = "-O";
				VALIDATE_PRODUCT = YES;
			};
			name = Release;
		};
		17833DEA28167AF500E4CD42 /* Debug */ = {
			isa = XCBuildConfiguration;
			buildSettings = {
				ASSETCATALOG_COMPILER_APPICON_NAME = AppIcon;
				ASSETCATALOG_COMPILER_GLOBAL_ACCENT_COLOR_NAME = AccentColor;
				CODE_SIGN_STYLE = Automatic;
				CURRENT_PROJECT_VERSION = 1;
				DEVELOPMENT_TEAM = ADG5Y2TYTD;
				GENERATE_INFOPLIST_FILE = YES;
				INFOPLIST_FILE = "Todoey-iOS13-Part-1/Info.plist";
				INFOPLIST_KEY_UIApplicationSupportsIndirectInputEvents = YES;
				INFOPLIST_KEY_UILaunchStoryboardName = LaunchScreen;
				INFOPLIST_KEY_UIMainStoryboardFile = Main;
				INFOPLIST_KEY_UISupportedInterfaceOrientations_iPad = "UIInterfaceOrientationPortrait UIInterfaceOrientationPortraitUpsideDown UIInterfaceOrientationLandscapeLeft UIInterfaceOrientationLandscapeRight";
				INFOPLIST_KEY_UISupportedInterfaceOrientations_iPhone = "UIInterfaceOrientationPortrait UIInterfaceOrientationLandscapeLeft UIInterfaceOrientationLandscapeRight";
				LD_RUNPATH_SEARCH_PATHS = (
					"$(inherited)",
					"@executable_path/Frameworks",
				);
				MARKETING_VERSION = 1.0;
				PRODUCT_BUNDLE_IDENTIFIER = "com.devios.Todoey-iOS13-Part-1";
				PRODUCT_NAME = "$(TARGET_NAME)";
				SWIFT_EMIT_LOC_STRINGS = YES;
				SWIFT_VERSION = 5.0;
				TARGETED_DEVICE_FAMILY = "1,2";
			};
			name = Debug;
		};
		17833DEB28167AF500E4CD42 /* Release */ = {
			isa = XCBuildConfiguration;
			buildSettings = {
				ASSETCATALOG_COMPILER_APPICON_NAME = AppIcon;
				ASSETCATALOG_COMPILER_GLOBAL_ACCENT_COLOR_NAME = AccentColor;
				CODE_SIGN_STYLE = Automatic;
				CURRENT_PROJECT_VERSION = 1;
				DEVELOPMENT_TEAM = ADG5Y2TYTD;
				GENERATE_INFOPLIST_FILE = YES;
				INFOPLIST_FILE = "Todoey-iOS13-Part-1/Info.plist";
				INFOPLIST_KEY_UIApplicationSupportsIndirectInputEvents = YES;
				INFOPLIST_KEY_UILaunchStoryboardName = LaunchScreen;
				INFOPLIST_KEY_UIMainStoryboardFile = Main;
				INFOPLIST_KEY_UISupportedInterfaceOrientations_iPad = "UIInterfaceOrientationPortrait UIInterfaceOrientationPortraitUpsideDown UIInterfaceOrientationLandscapeLeft UIInterfaceOrientationLandscapeRight";
				INFOPLIST_KEY_UISupportedInterfaceOrientations_iPhone = "UIInterfaceOrientationPortrait UIInterfaceOrientationLandscapeLeft UIInterfaceOrientationLandscapeRight";
				LD_RUNPATH_SEARCH_PATHS = (
					"$(inherited)",
					"@executable_path/Frameworks",
				);
				MARKETING_VERSION = 1.0;
				PRODUCT_BUNDLE_IDENTIFIER = "com.devios.Todoey-iOS13-Part-1";
				PRODUCT_NAME = "$(TARGET_NAME)";
				SWIFT_EMIT_LOC_STRINGS = YES;
				SWIFT_VERSION = 5.0;
				TARGETED_DEVICE_FAMILY = "1,2";
			};
			name = Release;
		};
/* End XCBuildConfiguration section */

/* Begin XCConfigurationList section */
		17833DD028167AF200E4CD42 /* Build configuration list for PBXProject "Todoey-iOS13-Part-1" */ = {
			isa = XCConfigurationList;
			buildConfigurations = (
				17833DE728167AF500E4CD42 /* Debug */,
				17833DE828167AF500E4CD42 /* Release */,
			);
			defaultConfigurationIsVisible = 0;
			defaultConfigurationName = Release;
		};
		17833DE928167AF500E4CD42 /* Build configuration list for PBXNativeTarget "Todoey-iOS13-Part-1" */ = {
			isa = XCConfigurationList;
			buildConfigurations = (
				17833DEA28167AF500E4CD42 /* Debug */,
				17833DEB28167AF500E4CD42 /* Release */,
			);
			defaultConfigurationIsVisible = 0;
			defaultConfigurationName = Release;
		};
/* End XCConfigurationList section */
	};
	rootObject = 17833DCD28167AF200E4CD42 /* Project object */;
}
